
Microsoft Visual Studio Solution File, Format Version 12.00
# Visual Studio Version 16
VisualStudioVersion = 16.0.29728.190
MinimumVisualStudioVersion = 10.0.40219.1
Project("{FAE04EC0-301F-11D3-BF4B-00C04F79EFBC}") = "MvcCoreModelValidation_Demo", "MvcCoreModelValidation_Demo\MvcCoreModelValidation_Demo.csproj", "{322367A8-5DA7-445A-9DB0-7AD7614B7A57}"
EndProject
Global
	GlobalSection(SolutionConfigurationPlatforms) = preSolution
		Debug|Any CPU = Debug|Any CPU
		Release|Any CPU = Release|Any CPU
	EndGlobalSection
	GlobalSection(ProjectConfigurationPlatforms) = postSolution
		{322367A8-5DA7-445A-9DB0-7AD7614B7A57}.Debug|Any CPU.ActiveCfg = Debug|Any CPU
		{322367A8-5DA7-445A-9DB0-7AD7614B7A57}.Debug|Any CPU.Build.0 = Debug|Any CPU
		{322367A8-5DA7-445A-9DB0-7AD7614B7A57}.Release|Any CPU.ActiveCfg = Release|Any CPU
		{322367A8-5DA7-445A-9DB0-7AD7614B7A57}.Release|Any CPU.Build.0 = Release|Any CPU
	EndGlobalSection
	GlobalSection(SolutionProperties) = preSolution
		HideSolutionNode = FALSE
	EndGlobalSection
	GlobalSection(ExtensibilityGlobals) = postSolution
		SolutionGuid = {9C90DE14-305E-407C-9EF2-7863DA762CE3}
	EndGlobalSection
EndGlobal
